
Microsoft Visual Studio Solution File, Format Version 12.00
# Visual Studio Version 17
VisualStudioVersion = 17.1.32210.238
MinimumVisualStudioVersion = 10.0.40219.1
Project("{8BC9CEB8-8B4A-11D0-8D11-00A0C91BC942}") = "14-index_buffer", "14-index_buffer.vcxproj", "{5A65172F-470A-4B77-8AD3-FBE2F387B37E}"
EndProject
Global
	GlobalSection(SolutionConfigurationPlatforms) = preSolution
		Debug|x64 = Debug|x64
		Debug|x86 = Debug|x86
		Release|x64 = Release|x64
		Release|x86 = Release|x86
	EndGlobalSection
	GlobalSection(ProjectConfigurationPlatforms) = postSolution
		{5A65172F-470A-4B77-8AD3-FBE2F387B37E}.Debug|x64.ActiveCfg = Debug|x64
		{5A65172F-470A-4B77-8AD3-FBE2F387B37E}.Debug|x64.Build.0 = Debug|x64
		{5A65172F-470A-4B77-8AD3-FBE2F387B37E}.Debug|x86.ActiveCfg = Debug|Win32
		{5A65172F-470A-4B77-8AD3-FBE2F387B37E}.Debug|x86.Build.0 = Debug|Win32
		{5A65172F-470A-4B77-8AD3-FBE2F387B37E}.Release|x64.ActiveCfg = Release|x64
		{5A65172F-470A-4B77-8AD3-FBE2F387B37E}.Release|x64.Build.0 = Release|x64
		{5A65172F-470A-4B77-8AD3-FBE2F387B37E}.Release|x86.ActiveCfg = Release|Win32
		{5A65172F-470A-4B77-8AD3-FBE2F387B37E}.Release|x86.Build.0 = Release|Win32
	EndGlobalSection
	GlobalSection(SolutionProperties) = preSolution
		HideSolutionNode = FALSE
	EndGlobalSection
	GlobalSection(ExtensibilityGlobals) = postSolution
		SolutionGuid = {E4375F64-8D2E-4383-9BC0-659D995B616B}
	EndGlobalSection
EndGlobal
