
Microsoft Visual Studio Solution File, Format Version 12.00
# Visual Studio Version 17
VisualStudioVersion = 17.1.32210.238
MinimumVisualStudioVersion = 10.0.40219.1
Project("{8BC9CEB8-8B4A-11D0-8D11-00A0C91BC942}") = "02-basecode", "02-basecode.vcxproj", "{A53FD250-1EB7-422D-B321-F5EB23E7A083}"
EndProject
Global
	GlobalSection(SolutionConfigurationPlatforms) = preSolution
		Debug|x64 = Debug|x64
		Debug|x86 = Debug|x86
		Release|x64 = Release|x64
		Release|x86 = Release|x86
	EndGlobalSection
	GlobalSection(ProjectConfigurationPlatforms) = postSolution
		{A53FD250-1EB7-422D-B321-F5EB23E7A083}.Debug|x64.ActiveCfg = Debug|x64
		{A53FD250-1EB7-422D-B321-F5EB23E7A083}.Debug|x64.Build.0 = Debug|x64
		{A53FD250-1EB7-422D-B321-F5EB23E7A083}.Debug|x86.ActiveCfg = Debug|Win32
		{A53FD250-1EB7-422D-B321-F5EB23E7A083}.Debug|x86.Build.0 = Debug|Win32
		{A53FD250-1EB7-422D-B321-F5EB23E7A083}.Release|x64.ActiveCfg = Release|x64
		{A53FD250-1EB7-422D-B321-F5EB23E7A083}.Release|x64.Build.0 = Release|x64
		{A53FD250-1EB7-422D-B321-F5EB23E7A083}.Release|x86.ActiveCfg = Release|Win32
		{A53FD250-1EB7-422D-B321-F5EB23E7A083}.Release|x86.Build.0 = Release|Win32
	EndGlobalSection
	GlobalSection(SolutionProperties) = preSolution
		HideSolutionNode = FALSE
	EndGlobalSection
	GlobalSection(ExtensibilityGlobals) = postSolution
		SolutionGuid = {A8B331DA-14AD-4332-B524-77DA7DE66C21}
	EndGlobalSection
EndGlobal
